{
  "name": "frontend-developer-challenge",
  "version": "1.0.0",
  "lockfileVersion": 1,
  "requires": true,
  "dependencies": {
    "jquery": {
      "version": "1.11.0",
      "resolved": "https://registry.npmjs.org/jquery/-/jquery-1.11.0.tgz",
      "integrity": "sha1-xnzu4ZtANlDWgq3POdXJAJgU2Uk="
    },
    "jquery-easy-loading": {
      "version": "2.0.0-rc.2",
      "resolved": "https://registry.npmjs.org/jquery-easy-loading/-/jquery-easy-loading-2.0.0-rc.2.tgz",
      "integrity": "sha512-onWOmVz81OIK/DS0Z5aZiYfcPdwv7RX2N31kC8VJqY5UV0Sxe0kkl+Tlv1Fa1GaGnh4Px7WA9nbWcMfnNKLb6A=="
    }
  }
}
